
Microsoft Visual Studio Solution File, Format Version 12.00
# Visual Studio Version 17
VisualStudioVersion = 17.10.35122.118
MinimumVisualStudioVersion = 10.0.40219.1
Project("{FAE04EC0-301F-11D3-BF4B-00C04F79EFBC}") = "KOCHospital", "KOCHospital.csproj", "{512CFBC8-4B1C-4DA2-92FE-1E91D641B570}"
EndProject
Global
	GlobalSection(SolutionConfigurationPlatforms) = preSolution
		Debug|Any CPU = Debug|Any CPU
		Release|Any CPU = Release|Any CPU
	EndGlobalSection
	GlobalSection(ProjectConfigurationPlatforms) = postSolution
		{512CFBC8-4B1C-4DA2-92FE-1E91D641B570}.Debug|Any CPU.ActiveCfg = Debug|Any CPU
		{512CFBC8-4B1C-4DA2-92FE-1E91D641B570}.Debug|Any CPU.Build.0 = Debug|Any CPU
		{512CFBC8-4B1C-4DA2-92FE-1E91D641B570}.Release|Any CPU.ActiveCfg = Release|Any CPU
		{512CFBC8-4B1C-4DA2-92FE-1E91D641B570}.Release|Any CPU.Build.0 = Release|Any CPU
	EndGlobalSection
	GlobalSection(SolutionProperties) = preSolution
		HideSolutionNode = FALSE
	EndGlobalSection
	GlobalSection(ExtensibilityGlobals) = postSolution
		SolutionGuid = {A5D731BA-5ECD-449A-B4F1-71B53017C60F}
	EndGlobalSection
EndGlobal
